
Microsoft Visual Studio Solution File, Format Version 12.00
# Visual Studio 15
VisualStudioVersion = 15.0.26430.12
MinimumVisualStudioVersion = 10.0.40219.1
Project("{FAE04EC0-301F-11D3-BF4B-00C04F79EFBC}") = "MSMQDemo", "MSMQDemo\MSMQDemo.csproj", "{3EFAD7D0-CD8A-490E-A1D4-4CBDC26529F4}"
EndProject
Project("{2150E333-8FDC-42A3-9474-1A3956D46DE8}") = "MQReceive", "MQReceive", "{1E62F7B3-AFDB-4C2A-AFCF-AC377FA58600}"
EndProject
Project("{FAE04EC0-301F-11D3-BF4B-00C04F79EFBC}") = "Peek", "Peek\Peek.csproj", "{47FD9670-5CAC-41AB-A485-F99D65278DF6}"
EndProject
Project("{FAE04EC0-301F-11D3-BF4B-00C04F79EFBC}") = "Receive", "Receive\Receive.csproj", "{50687988-52BE-4F86-BB2C-CD0AC224AE45}"
EndProject
Global
	GlobalSection(SolutionConfigurationPlatforms) = preSolution
		Debug|Any CPU = Debug|Any CPU
		Release|Any CPU = Release|Any CPU
	EndGlobalSection
	GlobalSection(ProjectConfigurationPlatforms) = postSolution
		{3EFAD7D0-CD8A-490E-A1D4-4CBDC26529F4}.Debug|Any CPU.ActiveCfg = Debug|Any CPU
		{3EFAD7D0-CD8A-490E-A1D4-4CBDC26529F4}.Debug|Any CPU.Build.0 = Debug|Any CPU
		{3EFAD7D0-CD8A-490E-A1D4-4CBDC26529F4}.Release|Any CPU.ActiveCfg = Release|Any CPU
		{3EFAD7D0-CD8A-490E-A1D4-4CBDC26529F4}.Release|Any CPU.Build.0 = Release|Any CPU
		{47FD9670-5CAC-41AB-A485-F99D65278DF6}.Debug|Any CPU.ActiveCfg = Debug|Any CPU
		{47FD9670-5CAC-41AB-A485-F99D65278DF6}.Debug|Any CPU.Build.0 = Debug|Any CPU
		{47FD9670-5CAC-41AB-A485-F99D65278DF6}.Release|Any CPU.ActiveCfg = Release|Any CPU
		{47FD9670-5CAC-41AB-A485-F99D65278DF6}.Release|Any CPU.Build.0 = Release|Any CPU
		{50687988-52BE-4F86-BB2C-CD0AC224AE45}.Debug|Any CPU.ActiveCfg = Debug|Any CPU
		{50687988-52BE-4F86-BB2C-CD0AC224AE45}.Debug|Any CPU.Build.0 = Debug|Any CPU
		{50687988-52BE-4F86-BB2C-CD0AC224AE45}.Release|Any CPU.ActiveCfg = Release|Any CPU
		{50687988-52BE-4F86-BB2C-CD0AC224AE45}.Release|Any CPU.Build.0 = Release|Any CPU
	EndGlobalSection
	GlobalSection(SolutionProperties) = preSolution
		HideSolutionNode = FALSE
	EndGlobalSection
	GlobalSection(NestedProjects) = preSolution
		{47FD9670-5CAC-41AB-A485-F99D65278DF6} = {1E62F7B3-AFDB-4C2A-AFCF-AC377FA58600}
		{50687988-52BE-4F86-BB2C-CD0AC224AE45} = {1E62F7B3-AFDB-4C2A-AFCF-AC377FA58600}
	EndGlobalSection
EndGlobal
